{
    "requires": true,
    "lockfileVersion": 1,
    "dependencies": {
        "laravel-datatables-vite": {
            "version": "0.2.0",
            "resolved": "https://registry.npmjs.org/laravel-datatables-vite/-/laravel-datatables-vite-0.2.0.tgz",
            "integrity": "sha512-Cci79fhE44jlZbGgtaA6vMcQX9dN3J1pigmxPqKrfrkJIHunpm1KA38SMM1BeB8DhY5Z4WfwtOOVMuluttr92Q==",
            "dev": true
        }
    }
}
